
Microsoft Visual Studio Solution File, Format Version 12.00
# Visual Studio Version 17
VisualStudioVersion = 17.1.32228.430
MinimumVisualStudioVersion = 10.0.40219.1
Project("{FAE04EC0-301F-11D3-BF4B-00C04F79EFBC}") = "Blog pessoal", "Blog pessoal\Blog pessoal.csproj", "{3584AEB6-1481-4783-912E-F73840FCF2F5}"
EndProject
Project("{FAE04EC0-301F-11D3-BF4B-00C04F79EFBC}") = "Blog pessoalTeste", "Blog pessoalTeste\Blog pessoalTeste.csproj", "{82D04AF9-57D8-4712-B381-0AE5250CC530}"
EndProject
Global
	GlobalSection(SolutionConfigurationPlatforms) = preSolution
		Debug|Any CPU = Debug|Any CPU
		Release|Any CPU = Release|Any CPU
	EndGlobalSection
	GlobalSection(ProjectConfigurationPlatforms) = postSolution
		{3584AEB6-1481-4783-912E-F73840FCF2F5}.Debug|Any CPU.ActiveCfg = Debug|Any CPU
		{3584AEB6-1481-4783-912E-F73840FCF2F5}.Debug|Any CPU.Build.0 = Debug|Any CPU
		{3584AEB6-1481-4783-912E-F73840FCF2F5}.Release|Any CPU.ActiveCfg = Release|Any CPU
		{3584AEB6-1481-4783-912E-F73840FCF2F5}.Release|Any CPU.Build.0 = Release|Any CPU
		{82D04AF9-57D8-4712-B381-0AE5250CC530}.Debug|Any CPU.ActiveCfg = Debug|Any CPU
		{82D04AF9-57D8-4712-B381-0AE5250CC530}.Debug|Any CPU.Build.0 = Debug|Any CPU
		{82D04AF9-57D8-4712-B381-0AE5250CC530}.Release|Any CPU.ActiveCfg = Release|Any CPU
		{82D04AF9-57D8-4712-B381-0AE5250CC530}.Release|Any CPU.Build.0 = Release|Any CPU
	EndGlobalSection
	GlobalSection(SolutionProperties) = preSolution
		HideSolutionNode = FALSE
	EndGlobalSection
	GlobalSection(ExtensibilityGlobals) = postSolution
		SolutionGuid = {41B4F49A-6260-400B-B141-596D20236EF0}
	EndGlobalSection
EndGlobal
